
Microsoft Visual Studio Solution File, Format Version 12.00
# Visual Studio 15
Project("{FAE04EC0-301F-11D3-BF4B-00C04F79EFBC}") = "Hermit.Unity", "Hermit.Unity\Hermit.Unity.csproj", "{942D8B37-7440-4C9E-95D4-44B18A44D0C9}"
EndProject
Project("{FAE04EC0-301F-11D3-BF4B-00C04F79EFBC}") = "Hermit.Core", "Hermit.Core\Hermit.Core.csproj", "{BDF88F73-E9FD-4381-9474-9A4CAB9B8145}"
EndProject
Project("{FAE04EC0-301F-11D3-BF4B-00C04F79EFBC}") = "Hermit.Unity.Editor", "Hermit.Unity.Editor\Hermit.Unity.Editor.csproj", "{EF8DB929-F853-4748-9C04-9BFCD125BFCD}"
EndProject
Global
	GlobalSection(SolutionConfigurationPlatforms) = preSolution
		Debug|Any CPU = Debug|Any CPU
		Release|Any CPU = Release|Any CPU
	EndGlobalSection
	GlobalSection(ProjectConfigurationPlatforms) = postSolution
		{942D8B37-7440-4C9E-95D4-44B18A44D0C9}.Debug|Any CPU.ActiveCfg = Debug|Any CPU
		{942D8B37-7440-4C9E-95D4-44B18A44D0C9}.Debug|Any CPU.Build.0 = Debug|Any CPU
		{942D8B37-7440-4C9E-95D4-44B18A44D0C9}.Release|Any CPU.ActiveCfg = Release|Any CPU
		{942D8B37-7440-4C9E-95D4-44B18A44D0C9}.Release|Any CPU.Build.0 = Release|Any CPU
		{BDF88F73-E9FD-4381-9474-9A4CAB9B8145}.Debug|Any CPU.ActiveCfg = Debug|Any CPU
		{BDF88F73-E9FD-4381-9474-9A4CAB9B8145}.Debug|Any CPU.Build.0 = Debug|Any CPU
		{BDF88F73-E9FD-4381-9474-9A4CAB9B8145}.Release|Any CPU.ActiveCfg = Release|Any CPU
		{BDF88F73-E9FD-4381-9474-9A4CAB9B8145}.Release|Any CPU.Build.0 = Release|Any CPU
		{EF8DB929-F853-4748-9C04-9BFCD125BFCD}.Debug|Any CPU.ActiveCfg = Debug|Any CPU
		{EF8DB929-F853-4748-9C04-9BFCD125BFCD}.Debug|Any CPU.Build.0 = Debug|Any CPU
		{EF8DB929-F853-4748-9C04-9BFCD125BFCD}.Release|Any CPU.ActiveCfg = Release|Any CPU
		{EF8DB929-F853-4748-9C04-9BFCD125BFCD}.Release|Any CPU.Build.0 = Release|Any CPU
	EndGlobalSection
EndGlobal
